
Microsoft Visual Studio Solution File, Format Version 12.00
# Visual Studio Version 16
VisualStudioVersion = 16.0.29215.179
MinimumVisualStudioVersion = 10.0.40219.1
Project("{FAE04EC0-301F-11D3-BF4B-00C04F79EFBC}") = "X3-Code_Blue", "X3-Code_Blue\X3-Code_Blue.csproj", "{D9CBD505-928C-46E3-BD9A-15634DFBB356}"
EndProject
Global
	GlobalSection(SolutionConfigurationPlatforms) = preSolution
		Debug|Any CPU = Debug|Any CPU
		Release|Any CPU = Release|Any CPU
	EndGlobalSection
	GlobalSection(ProjectConfigurationPlatforms) = postSolution
		{D9CBD505-928C-46E3-BD9A-15634DFBB356}.Debug|Any CPU.ActiveCfg = Debug|Any CPU
		{D9CBD505-928C-46E3-BD9A-15634DFBB356}.Debug|Any CPU.Build.0 = Debug|Any CPU
		{D9CBD505-928C-46E3-BD9A-15634DFBB356}.Release|Any CPU.ActiveCfg = Release|Any CPU
		{D9CBD505-928C-46E3-BD9A-15634DFBB356}.Release|Any CPU.Build.0 = Release|Any CPU
	EndGlobalSection
	GlobalSection(SolutionProperties) = preSolution
		HideSolutionNode = FALSE
	EndGlobalSection
	GlobalSection(ExtensibilityGlobals) = postSolution
		SolutionGuid = {D327D907-D47F-414D-ACAB-D03D83C5A725}
	EndGlobalSection
EndGlobal
